
Microsoft Visual Studio Solution File, Format Version 12.00
# Visual Studio Version 17
VisualStudioVersion = 17.10.35013.160
MinimumVisualStudioVersion = 10.0.40219.1
Project("{FAE04EC0-301F-11D3-BF4B-00C04F79EFBC}") = "AgendaApp.API", "AgendaApp.API\AgendaApp.API.csproj", "{1E169F04-D294-49B6-A9FD-578A0F230A9F}"
EndProject
Global
	GlobalSection(SolutionConfigurationPlatforms) = preSolution
		Debug|Any CPU = Debug|Any CPU
		Release|Any CPU = Release|Any CPU
	EndGlobalSection
	GlobalSection(ProjectConfigurationPlatforms) = postSolution
		{1E169F04-D294-49B6-A9FD-578A0F230A9F}.Debug|Any CPU.ActiveCfg = Debug|Any CPU
		{1E169F04-D294-49B6-A9FD-578A0F230A9F}.Debug|Any CPU.Build.0 = Debug|Any CPU
		{1E169F04-D294-49B6-A9FD-578A0F230A9F}.Release|Any CPU.ActiveCfg = Release|Any CPU
		{1E169F04-D294-49B6-A9FD-578A0F230A9F}.Release|Any CPU.Build.0 = Release|Any CPU
	EndGlobalSection
	GlobalSection(SolutionProperties) = preSolution
		HideSolutionNode = FALSE
	EndGlobalSection
	GlobalSection(ExtensibilityGlobals) = postSolution
		SolutionGuid = {1A8750D3-FAE2-4444-9F86-084BBB639713}
	EndGlobalSection
EndGlobal
